
Microsoft Visual Studio Solution File, Format Version 12.00
# Visual Studio 14
VisualStudioVersion = 14.0.25123.0
MinimumVisualStudioVersion = 10.0.40219.1
Project("{FAE04EC0-301F-11D3-BF4B-00C04F79EFBC}") = "AppSqlLiteXamarin.Droid", "AppSqlLiteXamarin\AppSqlLiteXamarin.Droid\AppSqlLiteXamarin.Droid.csproj", "{C78D6DC9-633C-4433-B307-3D1DF86A85CC}"
EndProject
Project("{FAE04EC0-301F-11D3-BF4B-00C04F79EFBC}") = "AppSqlLiteXamarin.iOS", "AppSqlLiteXamarin\AppSqlLiteXamarin.iOS\AppSqlLiteXamarin.iOS.csproj", "{970B020A-54F3-4686-BEA7-97A8750027DF}"
EndProject
Project("{FAE04EC0-301F-11D3-BF4B-00C04F79EFBC}") = "AppSqlLiteXamarin.WinPhone", "AppSqlLiteXamarin\AppSqlLiteXamarin.WinPhone\AppSqlLiteXamarin.WinPhone.csproj", "{878EBBB4-FB12-4FBA-8661-193CA0E65017}"
EndProject
Project("{FAE04EC0-301F-11D3-BF4B-00C04F79EFBC}") = "AppSqlLiteXamarin.UWP", "AppSqlLiteXamarin\AppSqlLiteXamarin.UWP\AppSqlLiteXamarin.UWP.csproj", "{35DF9D4A-C1A4-4313-A3E2-A43311DBDB17}"
EndProject
Project("{FAE04EC0-301F-11D3-BF4B-00C04F79EFBC}") = "AppSqlLiteXamarin.Windows", "AppSqlLiteXamarin\AppSqlLiteXamarin.Windows\AppSqlLiteXamarin.Windows.csproj", "{8A14BE84-4A18-49BA-950E-4837BD562B55}"
EndProject
Project("{FAE04EC0-301F-11D3-BF4B-00C04F79EFBC}") = "AppSqlLiteXamarin", "AppSqlLiteXamarin\AppSqlLiteXamarin\AppSqlLiteXamarin.csproj", "{E9D2BAA6-8A2F-43C2-B26D-AD46DEB93C1B}"
EndProject
Global
	GlobalSection(SolutionConfigurationPlatforms) = preSolution
		Ad-Hoc|Any CPU = Ad-Hoc|Any CPU
		Ad-Hoc|ARM = Ad-Hoc|ARM
		Ad-Hoc|iPhone = Ad-Hoc|iPhone
		Ad-Hoc|iPhoneSimulator = Ad-Hoc|iPhoneSimulator
		Ad-Hoc|x64 = Ad-Hoc|x64
		Ad-Hoc|x86 = Ad-Hoc|x86
		AppStore|Any CPU = AppStore|Any CPU
		AppStore|ARM = AppStore|ARM
		AppStore|iPhone = AppStore|iPhone
		AppStore|iPhoneSimulator = AppStore|iPhoneSimulator
		AppStore|x64 = AppStore|x64
		AppStore|x86 = AppStore|x86
		Debug|Any CPU = Debug|Any CPU
		Debug|ARM = Debug|ARM
		Debug|iPhone = Debug|iPhone
		Debug|iPhoneSimulator = Debug|iPhoneSimulator
		Debug|x64 = Debug|x64
		Debug|x86 = Debug|x86
		Release|Any CPU = Release|Any CPU
		Release|ARM = Release|ARM
		Release|iPhone = Release|iPhone
		Release|iPhoneSimulator = Release|iPhoneSimulator
		Release|x64 = Release|x64
		Release|x86 = Release|x86
	EndGlobalSection
	GlobalSection(ProjectConfigurationPlatforms) = postSolution
		{C78D6DC9-633C-4433-B307-3D1DF86A85CC}.Ad-Hoc|Any CPU.ActiveCfg = Release|Any CPU
		{C78D6DC9-633C-4433-B307-3D1DF86A85CC}.Ad-Hoc|Any CPU.Build.0 = Release|Any CPU
		{C78D6DC9-633C-4433-B307-3D1DF86A85CC}.Ad-Hoc|Any CPU.Deploy.0 = Release|Any CPU
		{C78D6DC9-633C-4433-B307-3D1DF86A85CC}.Ad-Hoc|ARM.ActiveCfg = Release|Any CPU
		{C78D6DC9-633C-4433-B307-3D1DF86A85CC}.Ad-Hoc|ARM.Build.0 = Release|Any CPU
		{C78D6DC9-633C-4433-B307-3D1DF86A85CC}.Ad-Hoc|ARM.Deploy.0 = Release|Any CPU
		{C78D6DC9-633C-4433-B307-3D1DF86A85CC}.Ad-Hoc|iPhone.ActiveCfg = Release|Any CPU
		{C78D6DC9-633C-4433-B307-3D1DF86A85CC}.Ad-Hoc|iPhone.Build.0 = Release|Any CPU
		{C78D6DC9-633C-4433-B307-3D1DF86A85CC}.Ad-Hoc|iPhone.Deploy.0 = Release|Any CPU
		{C78D6DC9-633C-4433-B307-3D1DF86A85CC}.Ad-Hoc|iPhoneSimulator.ActiveCfg = Release|Any CPU
		{C78D6DC9-633C-4433-B307-3D1DF86A85CC}.Ad-Hoc|iPhoneSimulator.Build.0 = Release|Any CPU
		{C78D6DC9-633C-4433-B307-3D1DF86A85CC}.Ad-Hoc|iPhoneSimulator.Deploy.0 = Release|Any CPU
		{C78D6DC9-633C-4433-B307-3D1DF86A85CC}.Ad-Hoc|x64.ActiveCfg = Release|Any CPU
		{C78D6DC9-633C-4433-B307-3D1DF86A85CC}.Ad-Hoc|x64.Build.0 = Release|Any CPU
		{C78D6DC9-633C-4433-B307-3D1DF86A85CC}.Ad-Hoc|x64.Deploy.0 = Release|Any CPU
		{C78D6DC9-633C-4433-B307-3D1DF86A85CC}.Ad-Hoc|x86.ActiveCfg = Release|Any CPU
		{C78D6DC9-633C-4433-B307-3D1DF86A85CC}.Ad-Hoc|x86.Build.0 = Release|Any CPU
		{C78D6DC9-633C-4433-B307-3D1DF86A85CC}.Ad-Hoc|x86.Deploy.0 = Release|Any CPU
		{C78D6DC9-633C-4433-B307-3D1DF86A85CC}.AppStore|Any CPU.ActiveCfg = Release|Any CPU
		{C78D6DC9-633C-4433-B307-3D1DF86A85CC}.AppStore|Any CPU.Build.0 = Release|Any CPU
		{C78D6DC9-633C-4433-B307-3D1DF86A85CC}.AppStore|Any CPU.Deploy.0 = Release|Any CPU
		{C78D6DC9-633C-4433-B307-3D1DF86A85CC}.AppStore|ARM.ActiveCfg = Release|Any CPU
		{C78D6DC9-633C-4433-B307-3D1DF86A85CC}.AppStore|ARM.Build.0 = Release|Any CPU
		{C78D6DC9-633C-4433-B307-3D1DF86A85CC}.AppStore|ARM.Deploy.0 = Release|Any CPU
		{C78D6DC9-633C-4433-B307-3D1DF86A85CC}.AppStore|iPhone.ActiveCfg = Release|Any CPU
		{C78D6DC9-633C-4433-B307-3D1DF86A85CC}.AppStore|iPhone.Build.0 = Release|Any CPU
		{C78D6DC9-633C-4433-B307-3D1DF86A85CC}.AppStore|iPhone.Deploy.0 = Release|Any CPU
		{C78D6DC9-633C-4433-B307-3D1DF86A85CC}.AppStore|iPhoneSimulator.ActiveCfg = Release|Any CPU
		{C78D6DC9-633C-4433-B307-3D1DF86A85CC}.AppStore|iPhoneSimulator.Build.0 = Release|Any CPU
		{C78D6DC9-633C-4433-B307-3D1DF86A85CC}.AppStore|iPhoneSimulator.Deploy.0 = Release|Any CPU
		{C78D6DC9-633C-4433-B307-3D1DF86A85CC}.AppStore|x64.ActiveCfg = Release|Any CPU
		{C78D6DC9-633C-4433-B307-3D1DF86A85CC}.AppStore|x64.Build.0 = Release|Any CPU
		{C78D6DC9-633C-4433-B307-3D1DF86A85CC}.AppStore|x64.Deploy.0 = Release|Any CPU
		{C78D6DC9-633C-4433-B307-3D1DF86A85CC}.AppStore|x86.ActiveCfg = Release|Any CPU
		{C78D6DC9-633C-4433-B307-3D1DF86A85CC}.AppStore|x86.Build.0 = Release|Any CPU
		{C78D6DC9-633C-4433-B307-3D1DF86A85CC}.AppStore|x86.Deploy.0 = Release|Any CPU
		{C78D6DC9-633C-4433-B307-3D1DF86A85CC}.Debug|Any CPU.ActiveCfg = Debug|Any CPU
		{C78D6DC9-633C-4433-B307-3D1DF86A85CC}.Debug|Any CPU.Build.0 = Debug|Any CPU
		{C78D6DC9-633C-4433-B307-3D1DF86A85CC}.Debug|Any CPU.Deploy.0 = Debug|Any CPU
		{C78D6DC9-633C-4433-B307-3D1DF86A85CC}.Debug|ARM.ActiveCfg = Debug|Any CPU
		{C78D6DC9-633C-4433-B307-3D1DF86A85CC}.Debug|ARM.Build.0 = Debug|Any CPU
		{C78D6DC9-633C-4433-B307-3D1DF86A85CC}.Debug|ARM.Deploy.0 = Debug|Any CPU
		{C78D6DC9-633C-4433-B307-3D1DF86A85CC}.Debug|iPhone.ActiveCfg = Debug|Any CPU
		{C78D6DC9-633C-4433-B307-3D1DF86A85CC}.Debug|iPhone.Build.0 = Debug|Any CPU
		{C78D6DC9-633C-4433-B307-3D1DF86A85CC}.Debug|iPhone.Deploy.0 = Debug|Any CPU
		{C78D6DC9-633C-4433-B307-3D1DF86A85CC}.Debug|iPhoneSimulator.ActiveCfg = Debug|Any CPU
		{C78D6DC9-633C-4433-B307-3D1DF86A85CC}.Debug|iPhoneSimulator.Build.0 = Debug|Any CPU
		{C78D6DC9-633C-4433-B307-3D1DF86A85CC}.Debug|iPhoneSimulator.Deploy.0 = Debug|Any CPU
		{C78D6DC9-633C-4433-B307-3D1DF86A85CC}.Debug|x64.ActiveCfg = Debug|Any CPU
		{C78D6DC9-633C-4433-B307-3D1DF86A85CC}.Debug|x64.Build.0 = Debug|Any CPU
		{C78D6DC9-633C-4433-B307-3D1DF86A85CC}.Debug|x64.Deploy.0 = Debug|Any CPU
		{C78D6DC9-633C-4433-B307-3D1DF86A85CC}.Debug|x86.ActiveCfg = Debug|Any CPU
		{C78D6DC9-633C-4433-B307-3D1DF86A85CC}.Debug|x86.Build.0 = Debug|Any CPU
		{C78D6DC9-633C-4433-B307-3D1DF86A85CC}.Debug|x86.Deploy.0 = Debug|Any CPU
		{C78D6DC9-633C-4433-B307-3D1DF86A85CC}.Release|Any CPU.ActiveCfg = Release|Any CPU
		{C78D6DC9-633C-4433-B307-3D1DF86A85CC}.Release|Any CPU.Build.0 = Release|Any CPU
		{C78D6DC9-633C-4433-B307-3D1DF86A85CC}.Release|Any CPU.Deploy.0 = Release|Any CPU
		{C78D6DC9-633C-4433-B307-3D1DF86A85CC}.Release|ARM.ActiveCfg = Release|Any CPU
		{C78D6DC9-633C-4433-B307-3D1DF86A85CC}.Release|ARM.Build.0 = Release|Any CPU
		{C78D6DC9-633C-4433-B307-3D1DF86A85CC}.Release|ARM.Deploy.0 = Release|Any CPU
		{C78D6DC9-633C-4433-B307-3D1DF86A85CC}.Release|iPhone.ActiveCfg = Release|Any CPU
		{C78D6DC9-633C-4433-B307-3D1DF86A85CC}.Release|iPhone.Build.0 = Release|Any CPU
		{C78D6DC9-633C-4433-B307-3D1DF86A85CC}.Release|iPhone.Deploy.0 = Release|Any CPU
		{C78D6DC9-633C-4433-B307-3D1DF86A85CC}.Release|iPhoneSimulator.ActiveCfg = Release|Any CPU
		{C78D6DC9-633C-4433-B307-3D1DF86A85CC}.Release|iPhoneSimulator.Build.0 = Release|Any CPU
		{C78D6DC9-633C-4433-B307-3D1DF86A85CC}.Release|iPhoneSimulator.Deploy.0 = Release|Any CPU
		{C78D6DC9-633C-4433-B307-3D1DF86A85CC}.Release|x64.ActiveCfg = Release|Any CPU
		{C78D6DC9-633C-4433-B307-3D1DF86A85CC}.Release|x64.Build.0 = Release|Any CPU
		{C78D6DC9-633C-4433-B307-3D1DF86A85CC}.Release|x64.Deploy.0 = Release|Any CPU
		{C78D6DC9-633C-4433-B307-3D1DF86A85CC}.Release|x86.ActiveCfg = Release|Any CPU
		{C78D6DC9-633C-4433-B307-3D1DF86A85CC}.Release|x86.Build.0 = Release|Any CPU
		{C78D6DC9-633C-4433-B307-3D1DF86A85CC}.Release|x86.Deploy.0 = Release|Any CPU
		{970B020A-54F3-4686-BEA7-97A8750027DF}.Ad-Hoc|Any CPU.ActiveCfg = Ad-Hoc|iPhone
		{970B020A-54F3-4686-BEA7-97A8750027DF}.Ad-Hoc|ARM.ActiveCfg = Ad-Hoc|iPhone
		{970B020A-54F3-4686-BEA7-97A8750027DF}.Ad-Hoc|iPhone.ActiveCfg = Ad-Hoc|iPhone
		{970B020A-54F3-4686-BEA7-97A8750027DF}.Ad-Hoc|iPhone.Build.0 = Ad-Hoc|iPhone
		{970B020A-54F3-4686-BEA7-97A8750027DF}.Ad-Hoc|iPhoneSimulator.ActiveCfg = Ad-Hoc|iPhoneSimulator
		{970B020A-54F3-4686-BEA7-97A8750027DF}.Ad-Hoc|iPhoneSimulator.Build.0 = Ad-Hoc|iPhoneSimulator
		{970B020A-54F3-4686-BEA7-97A8750027DF}.Ad-Hoc|x64.ActiveCfg = Ad-Hoc|iPhone
		{970B020A-54F3-4686-BEA7-97A8750027DF}.Ad-Hoc|x86.ActiveCfg = Ad-Hoc|iPhone
		{970B020A-54F3-4686-BEA7-97A8750027DF}.AppStore|Any CPU.ActiveCfg = AppStore|iPhone
		{970B020A-54F3-4686-BEA7-97A8750027DF}.AppStore|ARM.ActiveCfg = AppStore|iPhone
		{970B020A-54F3-4686-BEA7-97A8750027DF}.AppStore|iPhone.ActiveCfg = AppStore|iPhone
		{970B020A-54F3-4686-BEA7-97A8750027DF}.AppStore|iPhone.Build.0 = AppStore|iPhone
		{970B020A-54F3-4686-BEA7-97A8750027DF}.AppStore|iPhoneSimulator.ActiveCfg = AppStore|iPhoneSimulator
		{970B020A-54F3-4686-BEA7-97A8750027DF}.AppStore|iPhoneSimulator.Build.0 = AppStore|iPhoneSimulator
		{970B020A-54F3-4686-BEA7-97A8750027DF}.AppStore|x64.ActiveCfg = AppStore|iPhone
		{970B020A-54F3-4686-BEA7-97A8750027DF}.AppStore|x86.ActiveCfg = AppStore|iPhone
		{970B020A-54F3-4686-BEA7-97A8750027DF}.Debug|Any CPU.ActiveCfg = Debug|iPhone
		{970B020A-54F3-4686-BEA7-97A8750027DF}.Debug|ARM.ActiveCfg = Debug|iPhone
		{970B020A-54F3-4686-BEA7-97A8750027DF}.Debug|iPhone.ActiveCfg = Debug|iPhone
		{970B020A-54F3-4686-BEA7-97A8750027DF}.Debug|iPhone.Build.0 = Debug|iPhone
		{970B020A-54F3-4686-BEA7-97A8750027DF}.Debug|iPhoneSimulator.ActiveCfg = Debug|iPhoneSimulator
		{970B020A-54F3-4686-BEA7-97A8750027DF}.Debug|iPhoneSimulator.Build.0 = Debug|iPhoneSimulator
		{970B020A-54F3-4686-BEA7-97A8750027DF}.Debug|x64.ActiveCfg = Debug|iPhone
		{970B020A-54F3-4686-BEA7-97A8750027DF}.Debug|x86.ActiveCfg = Debug|iPhone
		{970B020A-54F3-4686-BEA7-97A8750027DF}.Release|Any CPU.ActiveCfg = Release|iPhone
		{970B020A-54F3-4686-BEA7-97A8750027DF}.Release|ARM.ActiveCfg = Release|iPhone
		{970B020A-54F3-4686-BEA7-97A8750027DF}.Release|iPhone.ActiveCfg = Release|iPhone
		{970B020A-54F3-4686-BEA7-97A8750027DF}.Release|iPhone.Build.0 = Release|iPhone
		{970B020A-54F3-4686-BEA7-97A8750027DF}.Release|iPhoneSimulator.ActiveCfg = Release|iPhoneSimulator
		{970B020A-54F3-4686-BEA7-97A8750027DF}.Release|iPhoneSimulator.Build.0 = Release|iPhoneSimulator
		{970B020A-54F3-4686-BEA7-97A8750027DF}.Release|x64.ActiveCfg = Release|iPhone
		{970B020A-54F3-4686-BEA7-97A8750027DF}.Release|x86.ActiveCfg = Release|iPhone
		{878EBBB4-FB12-4FBA-8661-193CA0E65017}.Ad-Hoc|Any CPU.ActiveCfg = Release|Any CPU
		{878EBBB4-FB12-4FBA-8661-193CA0E65017}.Ad-Hoc|Any CPU.Build.0 = Release|Any CPU
		{878EBBB4-FB12-4FBA-8661-193CA0E65017}.Ad-Hoc|Any CPU.Deploy.0 = Release|Any CPU
		{878EBBB4-FB12-4FBA-8661-193CA0E65017}.Ad-Hoc|ARM.ActiveCfg = Release|ARM
		{878EBBB4-FB12-4FBA-8661-193CA0E65017}.Ad-Hoc|ARM.Build.0 = Release|ARM
		{878EBBB4-FB12-4FBA-8661-193CA0E65017}.Ad-Hoc|ARM.Deploy.0 = Release|ARM
		{878EBBB4-FB12-4FBA-8661-193CA0E65017}.Ad-Hoc|iPhone.ActiveCfg = Release|Any CPU
		{878EBBB4-FB12-4FBA-8661-193CA0E65017}.Ad-Hoc|iPhone.Build.0 = Release|Any CPU
		{878EBBB4-FB12-4FBA-8661-193CA0E65017}.Ad-Hoc|iPhone.Deploy.0 = Release|Any CPU
		{878EBBB4-FB12-4FBA-8661-193CA0E65017}.Ad-Hoc|iPhoneSimulator.ActiveCfg = Release|Any CPU
		{878EBBB4-FB12-4FBA-8661-193CA0E65017}.Ad-Hoc|iPhoneSimulator.Build.0 = Release|Any CPU
		{878EBBB4-FB12-4FBA-8661-193CA0E65017}.Ad-Hoc|iPhoneSimulator.Deploy.0 = Release|Any CPU
		{878EBBB4-FB12-4FBA-8661-193CA0E65017}.Ad-Hoc|x64.ActiveCfg = Release|Any CPU
		{878EBBB4-FB12-4FBA-8661-193CA0E65017}.Ad-Hoc|x64.Build.0 = Release|Any CPU
		{878EBBB4-FB12-4FBA-8661-193CA0E65017}.Ad-Hoc|x64.Deploy.0 = Release|Any CPU
		{878EBBB4-FB12-4FBA-8661-193CA0E65017}.Ad-Hoc|x86.ActiveCfg = Release|x86
		{878EBBB4-FB12-4FBA-8661-193CA0E65017}.Ad-Hoc|x86.Build.0 = Release|x86
		{878EBBB4-FB12-4FBA-8661-193CA0E65017}.Ad-Hoc|x86.Deploy.0 = Release|x86
		{878EBBB4-FB12-4FBA-8661-193CA0E65017}.AppStore|Any CPU.ActiveCfg = Release|Any CPU
		{878EBBB4-FB12-4FBA-8661-193CA0E65017}.AppStore|Any CPU.Build.0 = Release|Any CPU
		{878EBBB4-FB12-4FBA-8661-193CA0E65017}.AppStore|Any CPU.Deploy.0 = Release|Any CPU
		{878EBBB4-FB12-4FBA-8661-193CA0E65017}.AppStore|ARM.ActiveCfg = Release|ARM
		{878EBBB4-FB12-4FBA-8661-193CA0E65017}.AppStore|ARM.Build.0 = Release|ARM
		{878EBBB4-FB12-4FBA-8661-193CA0E65017}.AppStore|ARM.Deploy.0 = Release|ARM
		{878EBBB4-FB12-4FBA-8661-193CA0E65017}.AppStore|iPhone.ActiveCfg = Release|Any CPU
		{878EBBB4-FB12-4FBA-8661-193CA0E65017}.AppStore|iPhone.Build.0 = Release|Any CPU
		{878EBBB4-FB12-4FBA-8661-193CA0E65017}.AppStore|iPhone.Deploy.0 = Release|Any CPU
		{878EBBB4-FB12-4FBA-8661-193CA0E65017}.AppStore|iPhoneSimulator.ActiveCfg = Release|Any CPU
		{878EBBB4-FB12-4FBA-8661-193CA0E65017}.AppStore|iPhoneSimulator.Build.0 = Release|Any CPU
		{878EBBB4-FB12-4FBA-8661-193CA0E65017}.AppStore|iPhoneSimulator.Deploy.0 = Release|Any CPU
		{878EBBB4-FB12-4FBA-8661-193CA0E65017}.AppStore|x64.ActiveCfg = Release|Any CPU
		{878EBBB4-FB12-4FBA-8661-193CA0E65017}.AppStore|x64.Build.0 = Release|Any CPU
		{878EBBB4-FB12-4FBA-8661-193CA0E65017}.AppStore|x64.Deploy.0 = Release|Any CPU
		{878EBBB4-FB12-4FBA-8661-193CA0E65017}.AppStore|x86.ActiveCfg = Release|x86
		{878EBBB4-FB12-4FBA-8661-193CA0E65017}.AppStore|x86.Build.0 = Release|x86
		{878EBBB4-FB12-4FBA-8661-193CA0E65017}.AppStore|x86.Deploy.0 = Release|x86
		{878EBBB4-FB12-4FBA-8661-193CA0E65017}.Debug|Any CPU.ActiveCfg = Debug|Any CPU
		{878EBBB4-FB12-4FBA-8661-193CA0E65017}.Debug|Any CPU.Build.0 = Debug|Any CPU
		{878EBBB4-FB12-4FBA-8661-193CA0E65017}.Debug|Any CPU.Deploy.0 = Debug|Any CPU
		{878EBBB4-FB12-4FBA-8661-193CA0E65017}.Debug|ARM.ActiveCfg = Debug|ARM
		{878EBBB4-FB12-4FBA-8661-193CA0E65017}.Debug|ARM.Build.0 = Debug|ARM
		{878EBBB4-FB12-4FBA-8661-193CA0E65017}.Debug|ARM.Deploy.0 = Debug|ARM
		{878EBBB4-FB12-4FBA-8661-193CA0E65017}.Debug|iPhone.ActiveCfg = Debug|Any CPU
		{878EBBB4-FB12-4FBA-8661-193CA0E65017}.Debug|iPhone.Build.0 = Debug|Any CPU
		{878EBBB4-FB12-4FBA-8661-193CA0E65017}.Debug|iPhone.Deploy.0 = Debug|Any CPU
		{878EBBB4-FB12-4FBA-8661-193CA0E65017}.Debug|iPhoneSimulator.ActiveCfg = Debug|Any CPU
		{878EBBB4-FB12-4FBA-8661-193CA0E65017}.Debug|iPhoneSimulator.Build.0 = Debug|Any CPU
		{878EBBB4-FB12-4FBA-8661-193CA0E65017}.Debug|iPhoneSimulator.Deploy.0 = Debug|Any CPU
		{878EBBB4-FB12-4FBA-8661-193CA0E65017}.Debug|x64.ActiveCfg = Debug|Any CPU
		{878EBBB4-FB12-4FBA-8661-193CA0E65017}.Debug|x64.Build.0 = Debug|Any CPU
		{878EBBB4-FB12-4FBA-8661-193CA0E65017}.Debug|x64.Deploy.0 = Debug|Any CPU
		{878EBBB4-FB12-4FBA-8661-193CA0E65017}.Debug|x86.ActiveCfg = Debug|x86
		{878EBBB4-FB12-4FBA-8661-193CA0E65017}.Debug|x86.Build.0 = Debug|x86
		{878EBBB4-FB12-4FBA-8661-193CA0E65017}.Debug|x86.Deploy.0 = Debug|x86
		{878EBBB4-FB12-4FBA-8661-193CA0E65017}.Release|Any CPU.ActiveCfg = Release|Any CPU
		{878EBBB4-FB12-4FBA-8661-193CA0E65017}.Release|Any CPU.Build.0 = Release|Any CPU
		{878EBBB4-FB12-4FBA-8661-193CA0E65017}.Release|Any CPU.Deploy.0 = Release|Any CPU
		{878EBBB4-FB12-4FBA-8661-193CA0E65017}.Release|ARM.ActiveCfg = Release|ARM
		{878EBBB4-FB12-4FBA-8661-193CA0E65017}.Release|ARM.Build.0 = Release|ARM
		{878EBBB4-FB12-4FBA-8661-193CA0E65017}.Release|ARM.Deploy.0 = Release|ARM
		{878EBBB4-FB12-4FBA-8661-193CA0E65017}.Release|iPhone.ActiveCfg = Release|Any CPU
		{878EBBB4-FB12-4FBA-8661-193CA0E65017}.Release|iPhone.Build.0 = Release|Any CPU
		{878EBBB4-FB12-4FBA-8661-193CA0E65017}.Release|iPhone.Deploy.0 = Release|Any CPU
		{878EBBB4-FB12-4FBA-8661-193CA0E65017}.Release|iPhoneSimulator.ActiveCfg = Release|Any CPU
		{878EBBB4-FB12-4FBA-8661-193CA0E65017}.Release|iPhoneSimulator.Build.0 = Release|Any CPU
		{878EBBB4-FB12-4FBA-8661-193CA0E65017}.Release|iPhoneSimulator.Deploy.0 = Release|Any CPU
		{878EBBB4-FB12-4FBA-8661-193CA0E65017}.Release|x64.ActiveCfg = Release|Any CPU
		{878EBBB4-FB12-4FBA-8661-193CA0E65017}.Release|x64.Build.0 = Release|Any CPU
		{878EBBB4-FB12-4FBA-8661-193CA0E65017}.Release|x64.Deploy.0 = Release|Any CPU
		{878EBBB4-FB12-4FBA-8661-193CA0E65017}.Release|x86.ActiveCfg = Release|x86
		{878EBBB4-FB12-4FBA-8661-193CA0E65017}.Release|x86.Build.0 = Release|x86
		{878EBBB4-FB12-4FBA-8661-193CA0E65017}.Release|x86.Deploy.0 = Release|x86
		{35DF9D4A-C1A4-4313-A3E2-A43311DBDB17}.Ad-Hoc|Any CPU.ActiveCfg = Release|x86
		{35DF9D4A-C1A4-4313-A3E2-A43311DBDB17}.Ad-Hoc|Any CPU.Build.0 = Release|x86
		{35DF9D4A-C1A4-4313-A3E2-A43311DBDB17}.Ad-Hoc|Any CPU.Deploy.0 = Release|x86
		{35DF9D4A-C1A4-4313-A3E2-A43311DBDB17}.Ad-Hoc|ARM.ActiveCfg = Release|ARM
		{35DF9D4A-C1A4-4313-A3E2-A43311DBDB17}.Ad-Hoc|ARM.Build.0 = Release|ARM
		{35DF9D4A-C1A4-4313-A3E2-A43311DBDB17}.Ad-Hoc|ARM.Deploy.0 = Release|ARM
		{35DF9D4A-C1A4-4313-A3E2-A43311DBDB17}.Ad-Hoc|iPhone.ActiveCfg = Release|x86
		{35DF9D4A-C1A4-4313-A3E2-A43311DBDB17}.Ad-Hoc|iPhone.Build.0 = Release|x86
		{35DF9D4A-C1A4-4313-A3E2-A43311DBDB17}.Ad-Hoc|iPhone.Deploy.0 = Release|x86
		{35DF9D4A-C1A4-4313-A3E2-A43311DBDB17}.Ad-Hoc|iPhoneSimulator.ActiveCfg = Release|x86
		{35DF9D4A-C1A4-4313-A3E2-A43311DBDB17}.Ad-Hoc|iPhoneSimulator.Build.0 = Release|x86
		{35DF9D4A-C1A4-4313-A3E2-A43311DBDB17}.Ad-Hoc|iPhoneSimulator.Deploy.0 = Release|x86
		{35DF9D4A-C1A4-4313-A3E2-A43311DBDB17}.Ad-Hoc|x64.ActiveCfg = Release|x64
		{35DF9D4A-C1A4-4313-A3E2-A43311DBDB17}.Ad-Hoc|x64.Build.0 = Release|x64
		{35DF9D4A-C1A4-4313-A3E2-A43311DBDB17}.Ad-Hoc|x64.Deploy.0 = Release|x64
		{35DF9D4A-C1A4-4313-A3E2-A43311DBDB17}.Ad-Hoc|x86.ActiveCfg = Release|x86
		{35DF9D4A-C1A4-4313-A3E2-A43311DBDB17}.Ad-Hoc|x86.Build.0 = Release|x86
		{35DF9D4A-C1A4-4313-A3E2-A43311DBDB17}.Ad-Hoc|x86.Deploy.0 = Release|x86
		{35DF9D4A-C1A4-4313-A3E2-A43311DBDB17}.AppStore|Any CPU.ActiveCfg = Release|x86
		{35DF9D4A-C1A4-4313-A3E2-A43311DBDB17}.AppStore|Any CPU.Build.0 = Release|x86
		{35DF9D4A-C1A4-4313-A3E2-A43311DBDB17}.AppStore|Any CPU.Deploy.0 = Release|x86
		{35DF9D4A-C1A4-4313-A3E2-A43311DBDB17}.AppStore|ARM.ActiveCfg = Release|ARM
		{35DF9D4A-C1A4-4313-A3E2-A43311DBDB17}.AppStore|ARM.Build.0 = Release|ARM
		{35DF9D4A-C1A4-4313-A3E2-A43311DBDB17}.AppStore|ARM.Deploy.0 = Release|ARM
		{35DF9D4A-C1A4-4313-A3E2-A43311DBDB17}.AppStore|iPhone.ActiveCfg = Release|x86
		{35DF9D4A-C1A4-4313-A3E2-A43311DBDB17}.AppStore|iPhone.Build.0 = Release|x86
		{35DF9D4A-C1A4-4313-A3E2-A43311DBDB17}.AppStore|iPhone.Deploy.0 = Release|x86
		{35DF9D4A-C1A4-4313-A3E2-A43311DBDB17}.AppStore|iPhoneSimulator.ActiveCfg = Release|x86
		{35DF9D4A-C1A4-4313-A3E2-A43311DBDB17}.AppStore|iPhoneSimulator.Build.0 = Release|x86
		{35DF9D4A-C1A4-4313-A3E2-A43311DBDB17}.AppStore|iPhoneSimulator.Deploy.0 = Release|x86
		{35DF9D4A-C1A4-4313-A3E2-A43311DBDB17}.AppStore|x64.ActiveCfg = Release|x64
		{35DF9D4A-C1A4-4313-A3E2-A43311DBDB17}.AppStore|x64.Build.0 = Release|x64
		{35DF9D4A-C1A4-4313-A3E2-A43311DBDB17}.AppStore|x64.Deploy.0 = Release|x64
		{35DF9D4A-C1A4-4313-A3E2-A43311DBDB17}.AppStore|x86.ActiveCfg = Release|x86
		{35DF9D4A-C1A4-4313-A3E2-A43311DBDB17}.AppStore|x86.Build.0 = Release|x86
		{35DF9D4A-C1A4-4313-A3E2-A43311DBDB17}.AppStore|x86.Deploy.0 = Release|x86
		{35DF9D4A-C1A4-4313-A3E2-A43311DBDB17}.Debug|Any CPU.ActiveCfg = Debug|x86
		{35DF9D4A-C1A4-4313-A3E2-A43311DBDB17}.Debug|ARM.ActiveCfg = Debug|ARM
		{35DF9D4A-C1A4-4313-A3E2-A43311DBDB17}.Debug|ARM.Build.0 = Debug|ARM
		{35DF9D4A-C1A4-4313-A3E2-A43311DBDB17}.Debug|ARM.Deploy.0 = Debug|ARM
		{35DF9D4A-C1A4-4313-A3E2-A43311DBDB17}.Debug|iPhone.ActiveCfg = Debug|x86
		{35DF9D4A-C1A4-4313-A3E2-A43311DBDB17}.Debug|iPhoneSimulator.ActiveCfg = Debug|x86
		{35DF9D4A-C1A4-4313-A3E2-A43311DBDB17}.Debug|x64.ActiveCfg = Debug|x64
		{35DF9D4A-C1A4-4313-A3E2-A43311DBDB17}.Debug|x64.Build.0 = Debug|x64
		{35DF9D4A-C1A4-4313-A3E2-A43311DBDB17}.Debug|x64.Deploy.0 = Debug|x64
		{35DF9D4A-C1A4-4313-A3E2-A43311DBDB17}.Debug|x86.ActiveCfg = Debug|x86
		{35DF9D4A-C1A4-4313-A3E2-A43311DBDB17}.Debug|x86.Build.0 = Debug|x86
		{35DF9D4A-C1A4-4313-A3E2-A43311DBDB17}.Debug|x86.Deploy.0 = Debug|x86
		{35DF9D4A-C1A4-4313-A3E2-A43311DBDB17}.Release|Any CPU.ActiveCfg = Release|x86
		{35DF9D4A-C1A4-4313-A3E2-A43311DBDB17}.Release|ARM.ActiveCfg = Release|ARM
		{35DF9D4A-C1A4-4313-A3E2-A43311DBDB17}.Release|ARM.Build.0 = Release|ARM
		{35DF9D4A-C1A4-4313-A3E2-A43311DBDB17}.Release|ARM.Deploy.0 = Release|ARM
		{35DF9D4A-C1A4-4313-A3E2-A43311DBDB17}.Release|iPhone.ActiveCfg = Release|x86
		{35DF9D4A-C1A4-4313-A3E2-A43311DBDB17}.Release|iPhoneSimulator.ActiveCfg = Release|x86
		{35DF9D4A-C1A4-4313-A3E2-A43311DBDB17}.Release|x64.ActiveCfg = Release|x64
		{35DF9D4A-C1A4-4313-A3E2-A43311DBDB17}.Release|x64.Build.0 = Release|x64
		{35DF9D4A-C1A4-4313-A3E2-A43311DBDB17}.Release|x64.Deploy.0 = Release|x64
		{35DF9D4A-C1A4-4313-A3E2-A43311DBDB17}.Release|x86.ActiveCfg = Release|x86
		{35DF9D4A-C1A4-4313-A3E2-A43311DBDB17}.Release|x86.Build.0 = Release|x86
		{35DF9D4A-C1A4-4313-A3E2-A43311DBDB17}.Release|x86.Deploy.0 = Release|x86
		{8A14BE84-4A18-49BA-950E-4837BD562B55}.Ad-Hoc|Any CPU.ActiveCfg = Release|Any CPU
		{8A14BE84-4A18-49BA-950E-4837BD562B55}.Ad-Hoc|Any CPU.Build.0 = Release|Any CPU
		{8A14BE84-4A18-49BA-950E-4837BD562B55}.Ad-Hoc|Any CPU.Deploy.0 = Release|Any CPU
		{8A14BE84-4A18-49BA-950E-4837BD562B55}.Ad-Hoc|ARM.ActiveCfg = Release|ARM
		{8A14BE84-4A18-49BA-950E-4837BD562B55}.Ad-Hoc|ARM.Build.0 = Release|ARM
		{8A14BE84-4A18-49BA-950E-4837BD562B55}.Ad-Hoc|ARM.Deploy.0 = Release|ARM
		{8A14BE84-4A18-49BA-950E-4837BD562B55}.Ad-Hoc|iPhone.ActiveCfg = Release|Any CPU
		{8A14BE84-4A18-49BA-950E-4837BD562B55}.Ad-Hoc|iPhone.Build.0 = Release|Any CPU
		{8A14BE84-4A18-49BA-950E-4837BD562B55}.Ad-Hoc|iPhone.Deploy.0 = Release|Any CPU
		{8A14BE84-4A18-49BA-950E-4837BD562B55}.Ad-Hoc|iPhoneSimulator.ActiveCfg = Release|Any CPU
		{8A14BE84-4A18-49BA-950E-4837BD562B55}.Ad-Hoc|iPhoneSimulator.Build.0 = Release|Any CPU
		{8A14BE84-4A18-49BA-950E-4837BD562B55}.Ad-Hoc|iPhoneSimulator.Deploy.0 = Release|Any CPU
		{8A14BE84-4A18-49BA-950E-4837BD562B55}.Ad-Hoc|x64.ActiveCfg = Release|x64
		{8A14BE84-4A18-49BA-950E-4837BD562B55}.Ad-Hoc|x64.Build.0 = Release|x64
		{8A14BE84-4A18-49BA-950E-4837BD562B55}.Ad-Hoc|x64.Deploy.0 = Release|x64
		{8A14BE84-4A18-49BA-950E-4837BD562B55}.Ad-Hoc|x86.ActiveCfg = Release|x86
		{8A14BE84-4A18-49BA-950E-4837BD562B55}.Ad-Hoc|x86.Build.0 = Release|x86
		{8A14BE84-4A18-49BA-950E-4837BD562B55}.Ad-Hoc|x86.Deploy.0 = Release|x86
		{8A14BE84-4A18-49BA-950E-4837BD562B55}.AppStore|Any CPU.ActiveCfg = Release|Any CPU
		{8A14BE84-4A18-49BA-950E-4837BD562B55}.AppStore|Any CPU.Build.0 = Release|Any CPU
		{8A14BE84-4A18-49BA-950E-4837BD562B55}.AppStore|Any CPU.Deploy.0 = Release|Any CPU
		{8A14BE84-4A18-49BA-950E-4837BD562B55}.AppStore|ARM.ActiveCfg = Release|ARM
		{8A14BE84-4A18-49BA-950E-4837BD562B55}.AppStore|ARM.Build.0 = Release|ARM
		{8A14BE84-4A18-49BA-950E-4837BD562B55}.AppStore|ARM.Deploy.0 = Release|ARM
		{8A14BE84-4A18-49BA-950E-4837BD562B55}.AppStore|iPhone.ActiveCfg = Release|Any CPU
		{8A14BE84-4A18-49BA-950E-4837BD562B55}.AppStore|iPhone.Build.0 = Release|Any CPU
		{8A14BE84-4A18-49BA-950E-4837BD562B55}.AppStore|iPhone.Deploy.0 = Release|Any CPU
		{8A14BE84-4A18-49BA-950E-4837BD562B55}.AppStore|iPhoneSimulator.ActiveCfg = Release|Any CPU
		{8A14BE84-4A18-49BA-950E-4837BD562B55}.AppStore|iPhoneSimulator.Build.0 = Release|Any CPU
		{8A14BE84-4A18-49BA-950E-4837BD562B55}.AppStore|iPhoneSimulator.Deploy.0 = Release|Any CPU
		{8A14BE84-4A18-49BA-950E-4837BD562B55}.AppStore|x64.ActiveCfg = Release|x64
		{8A14BE84-4A18-49BA-950E-4837BD562B55}.AppStore|x64.Build.0 = Release|x64
		{8A14BE84-4A18-49BA-950E-4837BD562B55}.AppStore|x64.Deploy.0 = Release|x64
		{8A14BE84-4A18-49BA-950E-4837BD562B55}.AppStore|x86.ActiveCfg = Release|x86
		{8A14BE84-4A18-49BA-950E-4837BD562B55}.AppStore|x86.Build.0 = Release|x86
		{8A14BE84-4A18-49BA-950E-4837BD562B55}.AppStore|x86.Deploy.0 = Release|x86
		{8A14BE84-4A18-49BA-950E-4837BD562B55}.Debug|Any CPU.ActiveCfg = Debug|Any CPU
		{8A14BE84-4A18-49BA-950E-4837BD562B55}.Debug|Any CPU.Build.0 = Debug|Any CPU
		{8A14BE84-4A18-49BA-950E-4837BD562B55}.Debug|Any CPU.Deploy.0 = Debug|Any CPU
		{8A14BE84-4A18-49BA-950E-4837BD562B55}.Debug|ARM.ActiveCfg = Debug|ARM
		{8A14BE84-4A18-49BA-950E-4837BD562B55}.Debug|ARM.Build.0 = Debug|ARM
		{8A14BE84-4A18-49BA-950E-4837BD562B55}.Debug|ARM.Deploy.0 = Debug|ARM
		{8A14BE84-4A18-49BA-950E-4837BD562B55}.Debug|iPhone.ActiveCfg = Debug|Any CPU
		{8A14BE84-4A18-49BA-950E-4837BD562B55}.Debug|iPhone.Build.0 = Debug|Any CPU
		{8A14BE84-4A18-49BA-950E-4837BD562B55}.Debug|iPhone.Deploy.0 = Debug|Any CPU
		{8A14BE84-4A18-49BA-950E-4837BD562B55}.Debug|iPhoneSimulator.ActiveCfg = Debug|Any CPU
		{8A14BE84-4A18-49BA-950E-4837BD562B55}.Debug|iPhoneSimulator.Build.0 = Debug|Any CPU
		{8A14BE84-4A18-49BA-950E-4837BD562B55}.Debug|iPhoneSimulator.Deploy.0 = Debug|Any CPU
		{8A14BE84-4A18-49BA-950E-4837BD562B55}.Debug|x64.ActiveCfg = Debug|x64
		{8A14BE84-4A18-49BA-950E-4837BD562B55}.Debug|x64.Build.0 = Debug|x64
		{8A14BE84-4A18-49BA-950E-4837BD562B55}.Debug|x64.Deploy.0 = Debug|x64
		{8A14BE84-4A18-49BA-950E-4837BD562B55}.Debug|x86.ActiveCfg = Debug|x86
		{8A14BE84-4A18-49BA-950E-4837BD562B55}.Debug|x86.Build.0 = Debug|x86
		{8A14BE84-4A18-49BA-950E-4837BD562B55}.Debug|x86.Deploy.0 = Debug|x86
		{8A14BE84-4A18-49BA-950E-4837BD562B55}.Release|Any CPU.ActiveCfg = Release|Any CPU
		{8A14BE84-4A18-49BA-950E-4837BD562B55}.Release|Any CPU.Build.0 = Release|Any CPU
		{8A14BE84-4A18-49BA-950E-4837BD562B55}.Release|Any CPU.Deploy.0 = Release|Any CPU
		{8A14BE84-4A18-49BA-950E-4837BD562B55}.Release|ARM.ActiveCfg = Release|ARM
		{8A14BE84-4A18-49BA-950E-4837BD562B55}.Release|ARM.Build.0 = Release|ARM
		{8A14BE84-4A18-49BA-950E-4837BD562B55}.Release|ARM.Deploy.0 = Release|ARM
		{8A14BE84-4A18-49BA-950E-4837BD562B55}.Release|iPhone.ActiveCfg = Release|Any CPU
		{8A14BE84-4A18-49BA-950E-4837BD562B55}.Release|iPhone.Build.0 = Release|Any CPU
		{8A14BE84-4A18-49BA-950E-4837BD562B55}.Release|iPhone.Deploy.0 = Release|Any CPU
		{8A14BE84-4A18-49BA-950E-4837BD562B55}.Release|iPhoneSimulator.ActiveCfg = Release|Any CPU
		{8A14BE84-4A18-49BA-950E-4837BD562B55}.Release|iPhoneSimulator.Build.0 = Release|Any CPU
		{8A14BE84-4A18-49BA-950E-4837BD562B55}.Release|iPhoneSimulator.Deploy.0 = Release|Any CPU
		{8A14BE84-4A18-49BA-950E-4837BD562B55}.Release|x64.ActiveCfg = Release|x64
		{8A14BE84-4A18-49BA-950E-4837BD562B55}.Release|x64.Build.0 = Release|x64
		{8A14BE84-4A18-49BA-950E-4837BD562B55}.Release|x64.Deploy.0 = Release|x64
		{8A14BE84-4A18-49BA-950E-4837BD562B55}.Release|x86.ActiveCfg = Release|x86
		{8A14BE84-4A18-49BA-950E-4837BD562B55}.Release|x86.Build.0 = Release|x86
		{8A14BE84-4A18-49BA-950E-4837BD562B55}.Release|x86.Deploy.0 = Release|x86
		{E9D2BAA6-8A2F-43C2-B26D-AD46DEB93C1B}.Ad-Hoc|Any CPU.ActiveCfg = Release|Any CPU
		{E9D2BAA6-8A2F-43C2-B26D-AD46DEB93C1B}.Ad-Hoc|Any CPU.Build.0 = Release|Any CPU
		{E9D2BAA6-8A2F-43C2-B26D-AD46DEB93C1B}.Ad-Hoc|ARM.ActiveCfg = Release|Any CPU
		{E9D2BAA6-8A2F-43C2-B26D-AD46DEB93C1B}.Ad-Hoc|ARM.Build.0 = Release|Any CPU
		{E9D2BAA6-8A2F-43C2-B26D-AD46DEB93C1B}.Ad-Hoc|iPhone.ActiveCfg = Release|Any CPU
		{E9D2BAA6-8A2F-43C2-B26D-AD46DEB93C1B}.Ad-Hoc|iPhone.Build.0 = Release|Any CPU
		{E9D2BAA6-8A2F-43C2-B26D-AD46DEB93C1B}.Ad-Hoc|iPhoneSimulator.ActiveCfg = Release|Any CPU
		{E9D2BAA6-8A2F-43C2-B26D-AD46DEB93C1B}.Ad-Hoc|iPhoneSimulator.Build.0 = Release|Any CPU
		{E9D2BAA6-8A2F-43C2-B26D-AD46DEB93C1B}.Ad-Hoc|x64.ActiveCfg = Release|Any CPU
		{E9D2BAA6-8A2F-43C2-B26D-AD46DEB93C1B}.Ad-Hoc|x64.Build.0 = Release|Any CPU
		{E9D2BAA6-8A2F-43C2-B26D-AD46DEB93C1B}.Ad-Hoc|x86.ActiveCfg = Release|Any CPU
		{E9D2BAA6-8A2F-43C2-B26D-AD46DEB93C1B}.Ad-Hoc|x86.Build.0 = Release|Any CPU
		{E9D2BAA6-8A2F-43C2-B26D-AD46DEB93C1B}.AppStore|Any CPU.ActiveCfg = Release|Any CPU
		{E9D2BAA6-8A2F-43C2-B26D-AD46DEB93C1B}.AppStore|Any CPU.Build.0 = Release|Any CPU
		{E9D2BAA6-8A2F-43C2-B26D-AD46DEB93C1B}.AppStore|ARM.ActiveCfg = Release|Any CPU
		{E9D2BAA6-8A2F-43C2-B26D-AD46DEB93C1B}.AppStore|ARM.Build.0 = Release|Any CPU
		{E9D2BAA6-8A2F-43C2-B26D-AD46DEB93C1B}.AppStore|iPhone.ActiveCfg = Release|Any CPU
		{E9D2BAA6-8A2F-43C2-B26D-AD46DEB93C1B}.AppStore|iPhone.Build.0 = Release|Any CPU
		{E9D2BAA6-8A2F-43C2-B26D-AD46DEB93C1B}.AppStore|iPhoneSimulator.ActiveCfg = Release|Any CPU
		{E9D2BAA6-8A2F-43C2-B26D-AD46DEB93C1B}.AppStore|iPhoneSimulator.Build.0 = Release|Any CPU
		{E9D2BAA6-8A2F-43C2-B26D-AD46DEB93C1B}.AppStore|x64.ActiveCfg = Release|Any CPU
		{E9D2BAA6-8A2F-43C2-B26D-AD46DEB93C1B}.AppStore|x64.Build.0 = Release|Any CPU
		{E9D2BAA6-8A2F-43C2-B26D-AD46DEB93C1B}.AppStore|x86.ActiveCfg = Release|Any CPU
		{E9D2BAA6-8A2F-43C2-B26D-AD46DEB93C1B}.AppStore|x86.Build.0 = Release|Any CPU
		{E9D2BAA6-8A2F-43C2-B26D-AD46DEB93C1B}.Debug|Any CPU.ActiveCfg = Debug|Any CPU
		{E9D2BAA6-8A2F-43C2-B26D-AD46DEB93C1B}.Debug|Any CPU.Build.0 = Debug|Any CPU
		{E9D2BAA6-8A2F-43C2-B26D-AD46DEB93C1B}.Debug|ARM.ActiveCfg = Debug|Any CPU
		{E9D2BAA6-8A2F-43C2-B26D-AD46DEB93C1B}.Debug|ARM.Build.0 = Debug|Any CPU
		{E9D2BAA6-8A2F-43C2-B26D-AD46DEB93C1B}.Debug|iPhone.ActiveCfg = Debug|Any CPU
		{E9D2BAA6-8A2F-43C2-B26D-AD46DEB93C1B}.Debug|iPhone.Build.0 = Debug|Any CPU
		{E9D2BAA6-8A2F-43C2-B26D-AD46DEB93C1B}.Debug|iPhoneSimulator.ActiveCfg = Debug|Any CPU
		{E9D2BAA6-8A2F-43C2-B26D-AD46DEB93C1B}.Debug|iPhoneSimulator.Build.0 = Debug|Any CPU
		{E9D2BAA6-8A2F-43C2-B26D-AD46DEB93C1B}.Debug|x64.ActiveCfg = Debug|Any CPU
		{E9D2BAA6-8A2F-43C2-B26D-AD46DEB93C1B}.Debug|x64.Build.0 = Debug|Any CPU
		{E9D2BAA6-8A2F-43C2-B26D-AD46DEB93C1B}.Debug|x86.ActiveCfg = Debug|Any CPU
		{E9D2BAA6-8A2F-43C2-B26D-AD46DEB93C1B}.Debug|x86.Build.0 = Debug|Any CPU
		{E9D2BAA6-8A2F-43C2-B26D-AD46DEB93C1B}.Release|Any CPU.ActiveCfg = Release|Any CPU
		{E9D2BAA6-8A2F-43C2-B26D-AD46DEB93C1B}.Release|Any CPU.Build.0 = Release|Any CPU
		{E9D2BAA6-8A2F-43C2-B26D-AD46DEB93C1B}.Release|ARM.ActiveCfg = Release|Any CPU
		{E9D2BAA6-8A2F-43C2-B26D-AD46DEB93C1B}.Release|ARM.Build.0 = Release|Any CPU
		{E9D2BAA6-8A2F-43C2-B26D-AD46DEB93C1B}.Release|iPhone.ActiveCfg = Release|Any CPU
		{E9D2BAA6-8A2F-43C2-B26D-AD46DEB93C1B}.Release|iPhone.Build.0 = Release|Any CPU
		{E9D2BAA6-8A2F-43C2-B26D-AD46DEB93C1B}.Release|iPhoneSimulator.ActiveCfg = Release|Any CPU
		{E9D2BAA6-8A2F-43C2-B26D-AD46DEB93C1B}.Release|iPhoneSimulator.Build.0 = Release|Any CPU
		{E9D2BAA6-8A2F-43C2-B26D-AD46DEB93C1B}.Release|x64.ActiveCfg = Release|Any CPU
		{E9D2BAA6-8A2F-43C2-B26D-AD46DEB93C1B}.Release|x64.Build.0 = Release|Any CPU
		{E9D2BAA6-8A2F-43C2-B26D-AD46DEB93C1B}.Release|x86.ActiveCfg = Release|Any CPU
		{E9D2BAA6-8A2F-43C2-B26D-AD46DEB93C1B}.Release|x86.Build.0 = Release|Any CPU
	EndGlobalSection
	GlobalSection(SolutionProperties) = preSolution
		HideSolutionNode = FALSE
	EndGlobalSection
EndGlobal
